
Microsoft Visual Studio Solution File, Format Version 12.00
# Visual Studio 2013
VisualStudioVersion = 12.0.21005.1
MinimumVisualStudioVersion = 10.0.40219.1
Project("{8BC9CEB8-8B4A-11D0-8D11-00A0C91BC942}") = "05.1", "05.1\05.1.vcxproj", "{E2C56670-E7FC-4023-9B4A-4E95458E5DAB}"
EndProject
Global
	GlobalSection(SolutionConfigurationPlatforms) = preSolution
		Debug|Win32 = Debug|Win32
		Release|Win32 = Release|Win32
	EndGlobalSection
	GlobalSection(ProjectConfigurationPlatforms) = postSolution
		{E2C56670-E7FC-4023-9B4A-4E95458E5DAB}.Debug|Win32.ActiveCfg = Debug|Win32
		{E2C56670-E7FC-4023-9B4A-4E95458E5DAB}.Debug|Win32.Build.0 = Debug|Win32
		{E2C56670-E7FC-4023-9B4A-4E95458E5DAB}.Release|Win32.ActiveCfg = Release|Win32
		{E2C56670-E7FC-4023-9B4A-4E95458E5DAB}.Release|Win32.Build.0 = Release|Win32
	EndGlobalSection
	GlobalSection(SolutionProperties) = preSolution
		HideSolutionNode = FALSE
	EndGlobalSection
EndGlobal
